
Microsoft Visual Studio Solution File, Format Version 12.00
Project("{FAE04EC0-301F-11D3-BF4B-00C04F79EFBC}") = "Notes", "Notes\Notes.csproj", "{B5A8CC24-6179-4FE1-B632-16B85EB7E16B}"
EndProject
Global
	GlobalSection(SolutionConfigurationPlatforms) = preSolution
		Debug|Any CPU = Debug|Any CPU
		Release|Any CPU = Release|Any CPU
	EndGlobalSection
	GlobalSection(ProjectConfigurationPlatforms) = postSolution
		{B5A8CC24-6179-4FE1-B632-16B85EB7E16B}.Debug|Any CPU.ActiveCfg = Debug|Any CPU
		{B5A8CC24-6179-4FE1-B632-16B85EB7E16B}.Debug|Any CPU.Build.0 = Debug|Any CPU
		{B5A8CC24-6179-4FE1-B632-16B85EB7E16B}.Release|Any CPU.ActiveCfg = Release|Any CPU
		{B5A8CC24-6179-4FE1-B632-16B85EB7E16B}.Release|Any CPU.Build.0 = Release|Any CPU
	EndGlobalSection
EndGlobal
